{
  "name": "kontry01",
  "version": "1.0.0",
  "lockfileVersion": 1,
  "requires": true,
  "dependencies": {
    "kontra": {
      "version": "6.9.1",
      "resolved": "https://registry.npmjs.org/kontra/-/kontra-6.9.1.tgz",
      "integrity": "sha512-E/8D0SrrkIDyGBFGP8YCOGuN8BQP31o5MJ736Y4JvWyR6XsZaLEC5sF9LSOSIQbR73c7Ruevh2TYFg7NuRqrnA=="
    }
  }
}
